
Microsoft Visual Studio Solution File, Format Version 12.00
# Visual Studio Version 16
VisualStudioVersion = 16.0.29613.14
MinimumVisualStudioVersion = 10.0.40219.1
Project("{FAE04EC0-301F-11D3-BF4B-00C04F79EFBC}") = "mvcnew", "mvcnew\mvcnew.csproj", "{7D26BDA9-F1EC-4687-88F6-FC9E68A34E4E}"
EndProject
Global
	GlobalSection(SolutionConfigurationPlatforms) = preSolution
		Debug|Any CPU = Debug|Any CPU
		Release|Any CPU = Release|Any CPU
	EndGlobalSection
	GlobalSection(ProjectConfigurationPlatforms) = postSolution
		{7D26BDA9-F1EC-4687-88F6-FC9E68A34E4E}.Debug|Any CPU.ActiveCfg = Debug|Any CPU
		{7D26BDA9-F1EC-4687-88F6-FC9E68A34E4E}.Debug|Any CPU.Build.0 = Debug|Any CPU
		{7D26BDA9-F1EC-4687-88F6-FC9E68A34E4E}.Release|Any CPU.ActiveCfg = Release|Any CPU
		{7D26BDA9-F1EC-4687-88F6-FC9E68A34E4E}.Release|Any CPU.Build.0 = Release|Any CPU
	EndGlobalSection
	GlobalSection(SolutionProperties) = preSolution
		HideSolutionNode = FALSE
	EndGlobalSection
	GlobalSection(ExtensibilityGlobals) = postSolution
		SolutionGuid = {C239A49D-9512-4B81-A808-0B455A254098}
	EndGlobalSection
EndGlobal
